{
  "name": "kabutr",
  "version": "1.0.0",
  "lockfileVersion": 1,
  "requires": true,
  "dependencies": {
    "cron": {
      "version": "1.8.2",
      "resolved": "https://registry.npm.taobao.org/cron/download/cron-1.8.2.tgz",
      "integrity": "sha1-SsXjxVuowWPYTzQHvelGMtqDcM4=",
      "requires": {
        "moment-timezone": "^0.5.x"
      }
    },
    "moment": {
      "version": "2.24.0",
      "resolved": "https://registry.npm.taobao.org/moment/download/moment-2.24.0.tgz",
      "integrity": "sha1-DQVdU/UFKqZTyfbraLtdEr9cK1s="
    },
    "moment-timezone": {
      "version": "0.5.27",
      "resolved": "https://registry.npm.taobao.org/moment-timezone/download/moment-timezone-0.5.27.tgz",
      "integrity": "sha1-c63sgTm2/jBFLnjyEPJ7HzRriHc=",
      "requires": {
        "moment": ">= 2.9.0"
      }
    },
    "nodemailer": {
      "version": "6.4.2",
      "resolved": "https://registry.npm.taobao.org/nodemailer/download/nodemailer-6.4.2.tgz",
      "integrity": "sha1-cUdVDjLNw3RTOAq3jSB0UzlmCQo="
    }
  }
}
